PODS:
  - TJMTwoDimensionalArray (1.0.0)

DEPENDENCIES:
  - TJMTwoDimensionalArray (from `https://github.com/Cubd/Two-Dimensional-Array.git`, tag `1.0.0`)

EXTERNAL SOURCES:
  TJMTwoDimensionalArray:
    :git: https://github.com/Cubd/Two-Dimensional-Array.git
    :tag: 1.0.0

SPEC CHECKSUMS:
  TJMTwoDimensionalArray: bf3df2419ea57d1aa189657b506d9bb345541fe7

COCOAPODS: 0.33.1
